
Microsoft Visual Studio Solution File, Format Version 12.00
# Visual Studio Version 17
VisualStudioVersion = 17.10.35122.118
MinimumVisualStudioVersion = 10.0.40219.1
Project("{FAE04EC0-301F-11D3-BF4B-00C04F79EFBC}") = "AmisDeOutdoorApp", "AmisDeOutdoorApp\AmisDeOutdoorApp.csproj", "{D67E866C-DC68-42B8-9A0C-74C955134D6E}"
EndProject
Project("{54435603-DBB4-11D2-8724-00A0C9A8B90C}") = "AmisSetup", "AmisSetup\AmisSetup.vdproj", "{79B94B5D-3665-498E-87DC-6C417CB1398C}"
EndProject
Global
	GlobalSection(SolutionConfigurationPlatforms) = preSolution
		Debug|Any CPU = Debug|Any CPU
		Release|Any CPU = Release|Any CPU
	EndGlobalSection
	GlobalSection(ProjectConfigurationPlatforms) = postSolution
		{D67E866C-DC68-42B8-9A0C-74C955134D6E}.Debug|Any CPU.ActiveCfg = Debug|Any CPU
		{D67E866C-DC68-42B8-9A0C-74C955134D6E}.Debug|Any CPU.Build.0 = Debug|Any CPU
		{D67E866C-DC68-42B8-9A0C-74C955134D6E}.Release|Any CPU.ActiveCfg = Release|Any CPU
		{D67E866C-DC68-42B8-9A0C-74C955134D6E}.Release|Any CPU.Build.0 = Release|Any CPU
		{79B94B5D-3665-498E-87DC-6C417CB1398C}.Debug|Any CPU.ActiveCfg = Debug
		{79B94B5D-3665-498E-87DC-6C417CB1398C}.Release|Any CPU.ActiveCfg = Release
	EndGlobalSection
	GlobalSection(SolutionProperties) = preSolution
		HideSolutionNode = FALSE
	EndGlobalSection
	GlobalSection(ExtensibilityGlobals) = postSolution
		SolutionGuid = {3BE209BF-9039-4538-8C41-118954ECD19F}
	EndGlobalSection
EndGlobal
